
Microsoft Visual Studio Solution File, Format Version 12.00
# Visual Studio Version 17
VisualStudioVersion = 17.8.34316.72
MinimumVisualStudioVersion = 10.0.40219.1
Project("{FAE04EC0-301F-11D3-BF4B-00C04F79EFBC}") = "Snake Game Project", "Snake Game Project.csproj", "{74CBB959-DB4D-45E5-A70F-45905AA24EB9}"
EndProject
Global
	GlobalSection(SolutionConfigurationPlatforms) = preSolution
		Debug|Any CPU = Debug|Any CPU
		Release|Any CPU = Release|Any CPU
	EndGlobalSection
	GlobalSection(ProjectConfigurationPlatforms) = postSolution
		{74CBB959-DB4D-45E5-A70F-45905AA24EB9}.Debug|Any CPU.ActiveCfg = Debug|Any CPU
		{74CBB959-DB4D-45E5-A70F-45905AA24EB9}.Debug|Any CPU.Build.0 = Debug|Any CPU
		{74CBB959-DB4D-45E5-A70F-45905AA24EB9}.Release|Any CPU.ActiveCfg = Release|Any CPU
		{74CBB959-DB4D-45E5-A70F-45905AA24EB9}.Release|Any CPU.Build.0 = Release|Any CPU
	EndGlobalSection
	GlobalSection(SolutionProperties) = preSolution
		HideSolutionNode = FALSE
	EndGlobalSection
	GlobalSection(ExtensibilityGlobals) = postSolution
		SolutionGuid = {A4B08F44-E417-4540-8552-A6FB56ABCC97}
	EndGlobalSection
EndGlobal
